
Microsoft Visual Studio Solution File, Format Version 12.00
# Visual Studio Version 16
VisualStudioVersion = 16.0.29806.167
MinimumVisualStudioVersion = 10.0.40219.1
Project("{8BC9CEB8-8B4A-11D0-8D11-00A0C91BC942}") = "FastIndexer", "FastIndexer\FastIndexer.vcxproj", "{A407F4DD-963D-499C-9A20-2391F2F67F1D}"
EndProject
Project("{8BC9CEB8-8B4A-11D0-8D11-00A0C91BC942}") = "UnitTest", "UnitTest\UnitTest.vcxproj", "{4F649A94-4E1D-4901-B959-25981EA4CB25}"
EndProject
Global
	GlobalSection(SolutionConfigurationPlatforms) = preSolution
		Debug|x64 = Debug|x64
		Debug|x86 = Debug|x86
		Release|x64 = Release|x64
		Release|x86 = Release|x86
	EndGlobalSection
	GlobalSection(ProjectConfigurationPlatforms) = postSolution
		{A407F4DD-963D-499C-9A20-2391F2F67F1D}.Debug|x64.ActiveCfg = Debug|x64
		{A407F4DD-963D-499C-9A20-2391F2F67F1D}.Debug|x64.Build.0 = Debug|x64
		{A407F4DD-963D-499C-9A20-2391F2F67F1D}.Debug|x86.ActiveCfg = Debug|Win32
		{A407F4DD-963D-499C-9A20-2391F2F67F1D}.Debug|x86.Build.0 = Debug|Win32
		{A407F4DD-963D-499C-9A20-2391F2F67F1D}.Release|x64.ActiveCfg = Release|x64
		{A407F4DD-963D-499C-9A20-2391F2F67F1D}.Release|x64.Build.0 = Release|x64
		{A407F4DD-963D-499C-9A20-2391F2F67F1D}.Release|x86.ActiveCfg = Release|Win32
		{A407F4DD-963D-499C-9A20-2391F2F67F1D}.Release|x86.Build.0 = Release|Win32
		{4F649A94-4E1D-4901-B959-25981EA4CB25}.Debug|x64.ActiveCfg = Debug|x64
		{4F649A94-4E1D-4901-B959-25981EA4CB25}.Debug|x64.Build.0 = Debug|x64
		{4F649A94-4E1D-4901-B959-25981EA4CB25}.Debug|x86.ActiveCfg = Debug|Win32
		{4F649A94-4E1D-4901-B959-25981EA4CB25}.Debug|x86.Build.0 = Debug|Win32
		{4F649A94-4E1D-4901-B959-25981EA4CB25}.Release|x64.ActiveCfg = Release|x64
		{4F649A94-4E1D-4901-B959-25981EA4CB25}.Release|x64.Build.0 = Release|x64
		{4F649A94-4E1D-4901-B959-25981EA4CB25}.Release|x86.ActiveCfg = Release|Win32
		{4F649A94-4E1D-4901-B959-25981EA4CB25}.Release|x86.Build.0 = Release|Win32
	EndGlobalSection
	GlobalSection(SolutionProperties) = preSolution
		HideSolutionNode = FALSE
	EndGlobalSection
	GlobalSection(ExtensibilityGlobals) = postSolution
		SolutionGuid = {EE364DC8-0C43-4AE0-969D-5067BA5537FB}
	EndGlobalSection
EndGlobal
